{
  "requires": true,
  "lockfileVersion": 1,
  "dependencies": {
    "mini-antui": {
      "version": "0.4.27",
      "resolved": "https://registry.npmjs.org/mini-antui/-/mini-antui-0.4.27.tgz",
      "integrity": "sha512-oRxy/rlUitUJrLX0ddYDP5RnJnHYDtzIRrzUv2JHTtEJECdQcFDvCezeCvk+KpdBl9pAXt5tMz50Nb0gMEnpYQ=="
    }
  }
}
